
Microsoft Visual Studio Solution File, Format Version 12.00
# Visual Studio Version 17
VisualStudioVersion = 17.0.31903.59
MinimumVisualStudioVersion = 10.0.40219.1
Project("{2150E333-8FDC-42A3-9474-1A3956D46DE8}") = "src", "src", "{827E0CD3-B72D-47B6-A68D-7590B98EB39B}"
EndProject
Project("{FAE04EC0-301F-11D3-BF4B-00C04F79EFBC}") = "Api", "src\Api\Api.csproj", "{23E90181-3196-4E24-AE3B-994B4025BBB3}"
EndProject
Project("{FAE04EC0-301F-11D3-BF4B-00C04F79EFBC}") = "Core", "src\Core\Core.csproj", "{AA03FF17-F944-484E-9377-14B4D884A90B}"
EndProject
Project("{FAE04EC0-301F-11D3-BF4B-00C04F79EFBC}") = "Infrastructure", "src\Infrastructure\Infrastructure.csproj", "{20773049-0C03-4705-AC0D-16ECDB1B0449}"
EndProject
Project("{2150E333-8FDC-42A3-9474-1A3956D46DE8}") = "tests", "tests", "{0AB3BF05-4346-4AA6-1389-037BE0695223}"
EndProject
Project("{FAE04EC0-301F-11D3-BF4B-00C04F79EFBC}") = "Tests", "tests\Tests\Tests.csproj", "{D17A1B55-130C-42D7-9D90-355130355310}"
EndProject
Global
	GlobalSection(SolutionConfigurationPlatforms) = preSolution
		Debug|Any CPU = Debug|Any CPU
		Debug|x64 = Debug|x64
		Debug|x86 = Debug|x86
		Release|Any CPU = Release|Any CPU
		Release|x64 = Release|x64
		Release|x86 = Release|x86
	EndGlobalSection
	GlobalSection(ProjectConfigurationPlatforms) = postSolution
		{23E90181-3196-4E24-AE3B-994B4025BBB3}.Debug|Any CPU.ActiveCfg = Debug|Any CPU
		{23E90181-3196-4E24-AE3B-994B4025BBB3}.Debug|Any CPU.Build.0 = Debug|Any CPU
		{23E90181-3196-4E24-AE3B-994B4025BBB3}.Debug|x64.ActiveCfg = Debug|Any CPU
		{23E90181-3196-4E24-AE3B-994B4025BBB3}.Debug|x64.Build.0 = Debug|Any CPU
		{23E90181-3196-4E24-AE3B-994B4025BBB3}.Debug|x86.ActiveCfg = Debug|Any CPU
		{23E90181-3196-4E24-AE3B-994B4025BBB3}.Debug|x86.Build.0 = Debug|Any CPU
		{23E90181-3196-4E24-AE3B-994B4025BBB3}.Release|Any CPU.ActiveCfg = Release|Any CPU
		{23E90181-3196-4E24-AE3B-994B4025BBB3}.Release|Any CPU.Build.0 = Release|Any CPU
		{23E90181-3196-4E24-AE3B-994B4025BBB3}.Release|x64.ActiveCfg = Release|Any CPU
		{23E90181-3196-4E24-AE3B-994B4025BBB3}.Release|x64.Build.0 = Release|Any CPU
		{23E90181-3196-4E24-AE3B-994B4025BBB3}.Release|x86.ActiveCfg = Release|Any CPU
		{23E90181-3196-4E24-AE3B-994B4025BBB3}.Release|x86.Build.0 = Release|Any CPU
		{AA03FF17-F944-484E-9377-14B4D884A90B}.Debug|Any CPU.ActiveCfg = Debug|Any CPU
		{AA03FF17-F944-484E-9377-14B4D884A90B}.Debug|Any CPU.Build.0 = Debug|Any CPU
		{AA03FF17-F944-484E-9377-14B4D884A90B}.Debug|x64.ActiveCfg = Debug|Any CPU
		{AA03FF17-F944-484E-9377-14B4D884A90B}.Debug|x64.Build.0 = Debug|Any CPU
		{AA03FF17-F944-484E-9377-14B4D884A90B}.Debug|x86.ActiveCfg = Debug|Any CPU
		{AA03FF17-F944-484E-9377-14B4D884A90B}.Debug|x86.Build.0 = Debug|Any CPU
		{AA03FF17-F944-484E-9377-14B4D884A90B}.Release|Any CPU.ActiveCfg = Release|Any CPU
		{AA03FF17-F944-484E-9377-14B4D884A90B}.Release|Any CPU.Build.0 = Release|Any CPU
		{AA03FF17-F944-484E-9377-14B4D884A90B}.Release|x64.ActiveCfg = Release|Any CPU
		{AA03FF17-F944-484E-9377-14B4D884A90B}.Release|x64.Build.0 = Release|Any CPU
		{AA03FF17-F944-484E-9377-14B4D884A90B}.Release|x86.ActiveCfg = Release|Any CPU
		{AA03FF17-F944-484E-9377-14B4D884A90B}.Release|x86.Build.0 = Release|Any CPU
		{20773049-0C03-4705-AC0D-16ECDB1B0449}.Debug|Any CPU.ActiveCfg = Debug|Any CPU
		{20773049-0C03-4705-AC0D-16ECDB1B0449}.Debug|Any CPU.Build.0 = Debug|Any CPU
		{20773049-0C03-4705-AC0D-16ECDB1B0449}.Debug|x64.ActiveCfg = Debug|Any CPU
		{20773049-0C03-4705-AC0D-16ECDB1B0449}.Debug|x64.Build.0 = Debug|Any CPU
		{20773049-0C03-4705-AC0D-16ECDB1B0449}.Debug|x86.ActiveCfg = Debug|Any CPU
		{20773049-0C03-4705-AC0D-16ECDB1B0449}.Debug|x86.Build.0 = Debug|Any CPU
		{20773049-0C03-4705-AC0D-16ECDB1B0449}.Release|Any CPU.ActiveCfg = Release|Any CPU
		{20773049-0C03-4705-AC0D-16ECDB1B0449}.Release|Any CPU.Build.0 = Release|Any CPU
		{20773049-0C03-4705-AC0D-16ECDB1B0449}.Release|x64.ActiveCfg = Release|Any CPU
		{20773049-0C03-4705-AC0D-16ECDB1B0449}.Release|x64.Build.0 = Release|Any CPU
		{20773049-0C03-4705-AC0D-16ECDB1B0449}.Release|x86.ActiveCfg = Release|Any CPU
		{20773049-0C03-4705-AC0D-16ECDB1B0449}.Release|x86.Build.0 = Release|Any CPU
		{D17A1B55-130C-42D7-9D90-355130355310}.Debug|Any CPU.ActiveCfg = Debug|Any CPU
		{D17A1B55-130C-42D7-9D90-355130355310}.Debug|Any CPU.Build.0 = Debug|Any CPU
		{D17A1B55-130C-42D7-9D90-355130355310}.Debug|x64.ActiveCfg = Debug|Any CPU
		{D17A1B55-130C-42D7-9D90-355130355310}.Debug|x64.Build.0 = Debug|Any CPU
		{D17A1B55-130C-42D7-9D90-355130355310}.Debug|x86.ActiveCfg = Debug|Any CPU
		{D17A1B55-130C-42D7-9D90-355130355310}.Debug|x86.Build.0 = Debug|Any CPU
		{D17A1B55-130C-42D7-9D90-355130355310}.Release|Any CPU.ActiveCfg = Release|Any CPU
		{D17A1B55-130C-42D7-9D90-355130355310}.Release|Any CPU.Build.0 = Release|Any CPU
		{D17A1B55-130C-42D7-9D90-355130355310}.Release|x64.ActiveCfg = Release|Any CPU
		{D17A1B55-130C-42D7-9D90-355130355310}.Release|x64.Build.0 = Release|Any CPU
		{D17A1B55-130C-42D7-9D90-355130355310}.Release|x86.ActiveCfg = Release|Any CPU
		{D17A1B55-130C-42D7-9D90-355130355310}.Release|x86.Build.0 = Release|Any CPU
	EndGlobalSection
	GlobalSection(SolutionProperties) = preSolution
		HideSolutionNode = FALSE
	EndGlobalSection
	GlobalSection(NestedProjects) = preSolution
		{23E90181-3196-4E24-AE3B-994B4025BBB3} = {827E0CD3-B72D-47B6-A68D-7590B98EB39B}
		{AA03FF17-F944-484E-9377-14B4D884A90B} = {827E0CD3-B72D-47B6-A68D-7590B98EB39B}
		{20773049-0C03-4705-AC0D-16ECDB1B0449} = {827E0CD3-B72D-47B6-A68D-7590B98EB39B}
		{D17A1B55-130C-42D7-9D90-355130355310} = {0AB3BF05-4346-4AA6-1389-037BE0695223}
	EndGlobalSection
EndGlobal
